
Microsoft Visual Studio Solution File, Format Version 12.00
Project("{FAE04EC0-301F-11D3-BF4B-00C04F79EFBC}") = "Extention", "Extention\Extention.csproj", "{EB7E7D5D-2E9F-4AF9-A776-46BD3799C748}"
EndProject
Global
	GlobalSection(SolutionConfigurationPlatforms) = preSolution
		Debug|Any CPU = Debug|Any CPU
		Release|Any CPU = Release|Any CPU
	EndGlobalSection
	GlobalSection(ProjectConfigurationPlatforms) = postSolution
		{EB7E7D5D-2E9F-4AF9-A776-46BD3799C748}.Debug|Any CPU.ActiveCfg = Debug|Any CPU
		{EB7E7D5D-2E9F-4AF9-A776-46BD3799C748}.Debug|Any CPU.Build.0 = Debug|Any CPU
		{EB7E7D5D-2E9F-4AF9-A776-46BD3799C748}.Release|Any CPU.ActiveCfg = Release|Any CPU
		{EB7E7D5D-2E9F-4AF9-A776-46BD3799C748}.Release|Any CPU.Build.0 = Release|Any CPU
	EndGlobalSection
EndGlobal
